// !$*UTF8*$!
{
	archiveVersion = 1;
	classes = {
	};
	objectVersion = 55;
	objects = {

/* Begin PBXBuildFile section */
		2B1F6120274763180038F18A /* Home2.swift in Sources */ = {isa = PBXBuildFile; fileRef = 2B1F611F274763180038F18A /* Home2.swift */; };
		2B22C1B527487989002674B5 /* GoogleSignIn in Frameworks */ = {isa = PBXBuildFile; productRef = 2B22C1B427487989002674B5 /* GoogleSignIn */; };
		2B76D750274DCD6D00B44A21 /* FirebaseAuth in Frameworks */ = {isa = PBXBuildFile; productRef = 2B76D74F274DCD6D00B44A21 /* FirebaseAuth */; };
		2B76D752274DCD6D00B44A21 /* FirebaseFirestore in Frameworks */ = {isa = PBXBuildFile; productRef = 2B76D751274DCD6D00B44A21 /* FirebaseFirestore */; };
		2B76D754274DD1F100B44A21 /* Launch.swift in Sources */ = {isa = PBXBuildFile; fileRef = 2B76D753274DD1F100B44A21 /* Launch.swift */; };
		2B76D758274DD30600B44A21 /* LogInOutManager.swift in Sources */ = {isa = PBXBuildFile; fileRef = 2B76D757274DD30600B44A21 /* LogInOutManager.swift */; };
		2B76D75A274DD3ED00B44A21 /* GoogleService-Info.plist in Resources */ = {isa = PBXBuildFile; fileRef = 2B76D759274DD3ED00B44A21 /* GoogleService-Info.plist */; };
		2BAD130327474FB200DDC66E /* VideoDetail.swift in Sources */ = {isa = PBXBuildFile; fileRef = 2BAD130227474FB200DDC66E /* VideoDetail.swift */; };
		2BAD13052747511600DDC66E /* VideoRow.swift in Sources */ = {isa = PBXBuildFile; fileRef = 2BAD13042747511600DDC66E /* VideoRow.swift */; };
		2BAD13072747544B00DDC66E /* Home.swift in Sources */ = {isa = PBXBuildFile; fileRef = 2BAD13062747544B00DDC66E /* Home.swift */; };
		2BC18F7727449BEF00CBB527 /* YoutubeVideoPlayer.swift in Sources */ = {isa = PBXBuildFile; fileRef = 2BC18F7627449BEF00CBB527 /* YoutubeVideoPlayer.swift */; };
		2BD6A58F273F4B02008DA75D /* YoutubeAppApp.swift in Sources */ = {isa = PBXBuildFile; fileRef = 2BD6A58E273F4B02008DA75D /* YoutubeAppApp.swift */; };
		2BD6A593273F4B03008DA75D /* Assets.xcassets in Resources */ = {isa = PBXBuildFile; fileRef = 2BD6A592273F4B03008DA75D /* Assets.xcassets */; };
		2BD6A596273F4B03008DA75D /* Preview Assets.xcassets in Resources */ = {isa = PBXBuildFile; fileRef = 2BD6A595273F4B03008DA75D /* Preview Assets.xcassets */; };
		2BD6A5A1273F547F008DA75D /* Alamofire in Frameworks */ = {isa = PBXBuildFile; productRef = 2BD6A5A0273F547F008DA75D /* Alamofire */; };
		2BD6A5A4273F5601008DA75D /* Constants.swift in Sources */ = {isa = PBXBuildFile; fileRef = 2BD6A5A3273F5601008DA75D /* Constants.swift */; };
		2BD6A5A62740A635008DA75D /* Response.swift in Sources */ = {isa = PBXBuildFile; fileRef = 2BD6A5A52740A635008DA75D /* Response.swift */; };
		2BD6A5A82740A665008DA75D /* Video.swift in Sources */ = {isa = PBXBuildFile; fileRef = 2BD6A5A72740A665008DA75D /* Video.swift */; };
		2BD6A5AA2741B03A008DA75D /* VideoModel.swift in Sources */ = {isa = PBXBuildFile; fileRef = 2BD6A5A92741B03A008DA75D /* VideoModel.swift */; };
		2BD6A5AC2741B822008DA75D /* VideoPreview.swift in Sources */ = {isa = PBXBuildFile; fileRef = 2BD6A5AB2741B822008DA75D /* VideoPreview.swift */; };
		2BD6A5AE2741BA2E008DA75D /* CacheManager.swift in Sources */ = {isa = PBXBuildFile; fileRef = 2BD6A5AD2741BA2E008DA75D /* CacheManager.swift */; };
/* End PBXBuildFile section */

/* Begin PBXFileReference section */
		2B1F611F274763180038F18A /* Home2.swift */ = {isa = PBXFileReference; lastKnownFileType = sourcecode.swift; path = Home2.swift; sourceTree = "<group>"; };
		2B22C1B627489099002674B5 /* Info.plist */ = {isa = PBXFileReference; lastKnownFileType = text.plist; path = Info.plist; sourceTree = "<group>"; };
		2B76D753274DD1F100B44A21 /* Launch.swift */ = {isa = PBXFileReference; lastKnownFileType = sourcecode.swift; path = Launch.swift; sourceTree = "<group>"; };
		2B76D757274DD30600B44A21 /* LogInOutManager.swift */ = {isa = PBXFileReference; lastKnownFileType = sourcecode.swift; path = LogInOutManager.swift; sourceTree = "<group>"; };
		2B76D759274DD3ED00B44A21 /* GoogleService-Info.plist */ = {isa = PBXFileReference; fileEncoding = 4; lastKnownFileType = text.plist.xml; path = "GoogleService-Info.plist"; sourceTree = "<group>"; };
		2BAD130227474FB200DDC66E /* VideoDetail.swift */ = {isa = PBXFileReference; lastKnownFileType = sourcecode.swift; path = VideoDetail.swift; sourceTree = "<group>"; };
		2BAD13042747511600DDC66E /* VideoRow.swift */ = {isa = PBXFileReference; lastKnownFileType = sourcecode.swift; path = VideoRow.swift; sourceTree = "<group>"; };
		2BAD13062747544B00DDC66E /* Home.swift */ = {isa = PBXFileReference; lastKnownFileType = sourcecode.swift; path = Home.swift; sourceTree = "<group>"; };
		2BC18F7627449BEF00CBB527 /* YoutubeVideoPlayer.swift */ = {isa = PBXFileReference; lastKnownFileType = sourcecode.swift; path = YoutubeVideoPlayer.swift; sourceTree = "<group>"; };
		2BD6A58B273F4B02008DA75D /* YoutubeApp.app */ = {isa = PBXFileReference; explicitFileType = wrapper.application; includeInIndex = 0; path = YoutubeApp.app; sourceTree = BUILT_PRODUCTS_DIR; };
		2BD6A58E273F4B02008DA75D /* YoutubeAppApp.swift */ = {isa = PBXFileReference; lastKnownFileType = sourcecode.swift; path = YoutubeAppApp.swift; sourceTree = "<group>"; };
		2BD6A592273F4B03008DA75D /* Assets.xcassets */ = {isa = PBXFileReference; lastKnownFileType = folder.assetcatalog; path = Assets.xcassets; sourceTree = "<group>"; };
		2BD6A595273F4B03008DA75D /* Preview Assets.xcassets */ = {isa = PBXFileReference; lastKnownFileType = folder.assetcatalog; path = "Preview Assets.xcassets"; sourceTree = "<group>"; };
		2BD6A5A3273F5601008DA75D /* Constants.swift */ = {isa = PBXFileReference; lastKnownFileType = sourcecode.swift; path = Constants.swift; sourceTree = "<group>"; };
		2BD6A5A52740A635008DA75D /* Response.swift */ = {isa = PBXFileReference; lastKnownFileType = sourcecode.swift; path = Response.swift; sourceTree = "<group>"; };
		2BD6A5A72740A665008DA75D /* Video.swift */ = {isa = PBXFileReference; lastKnownFileType = sourcecode.swift; path = Video.swift; sourceTree = "<group>"; };
		2BD6A5A92741B03A008DA75D /* VideoModel.swift */ = {isa = PBXFileReference; lastKnownFileType = sourcecode.swift; path = VideoModel.swift; sourceTree = "<group>"; };
		2BD6A5AB2741B822008DA75D /* VideoPreview.swift */ = {isa = PBXFileReference; lastKnownFileType = sourcecode.swift; path = VideoPreview.swift; sourceTree = "<group>"; };
		2BD6A5AD2741BA2E008DA75D /* CacheManager.swift */ = {isa = PBXFileReference; lastKnownFileType = sourcecode.swift; path = CacheManager.swift; sourceTree = "<group>"; };
/* End PBXFileReference section */

/* Begin PBXFrameworksBuildPhase section */
		2BD6A588273F4B02008DA75D /* Frameworks */ = {
			isa = PBXFrameworksBuildPhase;
			buildActionMask = 2147483647;
			files = (
				2BD6A5A1273F547F008DA75D /* Alamofire in Frameworks */,
				2B76D752274DCD6D00B44A21 /* FirebaseFirestore in Frameworks */,
				2B76D750274DCD6D00B44A21 /* FirebaseAuth in Frameworks */,
				2B22C1B527487989002674B5 /* GoogleSignIn in Frameworks */,
			);
			runOnlyForDeploymentPostprocessing = 0;
		};
/* End PBXFrameworksBuildPhase section */

/* Begin PBXGroup section */
		2BC18F7527449BDD00CBB527 /* Views */ = {
			isa = PBXGroup;
			children = (
				2BC18F7627449BEF00CBB527 /* YoutubeVideoPlayer.swift */,
				2BAD130227474FB200DDC66E /* VideoDetail.swift */,
				2BAD13042747511600DDC66E /* VideoRow.swift */,
				2BAD13062747544B00DDC66E /* Home.swift */,
				2B1F611F274763180038F18A /* Home2.swift */,
				2B76D753274DD1F100B44A21 /* Launch.swift */,
			);
			path = Views;
			sourceTree = "<group>";
		};
		2BD6A582273F4B02008DA75D = {
			isa = PBXGroup;
			children = (
				2BD6A58D273F4B02008DA75D /* YoutubeApp */,
				2BD6A58C273F4B02008DA75D /* Products */,
			);
			sourceTree = "<group>";
		};
		2BD6A58C273F4B02008DA75D /* Products */ = {
			isa = PBXGroup;
			children = (
				2BD6A58B273F4B02008DA75D /* YoutubeApp.app */,
			);
			name = Products;
			sourceTree = "<group>";
		};
		2BD6A58D273F4B02008DA75D /* YoutubeApp */ = {
			isa = PBXGroup;
			children = (
				2B76D759274DD3ED00B44A21 /* GoogleService-Info.plist */,
				2B22C1B627489099002674B5 /* Info.plist */,
				2BD6A58E273F4B02008DA75D /* YoutubeAppApp.swift */,
				2BC18F7527449BDD00CBB527 /* Views */,
				2BD6A59D273F5263008DA75D /* ViewModels */,
				2BD6A59C273F525D008DA75D /* Models */,
				2BD6A5A2273F55E9008DA75D /* Helpers */,
				2BD6A592273F4B03008DA75D /* Assets.xcassets */,
				2BD6A594273F4B03008DA75D /* Preview Content */,
			);
			path = YoutubeApp;
			sourceTree = "<group>";
		};
		2BD6A594273F4B03008DA75D /* Preview Content */ = {
			isa = PBXGroup;
			children = (
				2BD6A595273F4B03008DA75D /* Preview Assets.xcassets */,
			);
			path = "Preview Content";
			sourceTree = "<group>";
		};
		2BD6A59C273F525D008DA75D /* Models */ = {
			isa = PBXGroup;
			children = (
				2BD6A5A52740A635008DA75D /* Response.swift */,
				2BD6A5A72740A665008DA75D /* Video.swift */,
			);
			path = Models;
			sourceTree = "<group>";
		};
		2BD6A59D273F5263008DA75D /* ViewModels */ = {
			isa = PBXGroup;
			children = (
				2BD6A5A92741B03A008DA75D /* VideoModel.swift */,
				2BD6A5AB2741B822008DA75D /* VideoPreview.swift */,
				2B76D757274DD30600B44A21 /* LogInOutManager.swift */,
			);
			path = ViewModels;
			sourceTree = "<group>";
		};
		2BD6A5A2273F55E9008DA75D /* Helpers */ = {
			isa = PBXGroup;
			children = (
				2BD6A5A3273F5601008DA75D /* Constants.swift */,
				2BD6A5AD2741BA2E008DA75D /* CacheManager.swift */,
			);
			path = Helpers;
			sourceTree = "<group>";
		};
/* End PBXGroup section */

/* Begin PBXNativeTarget section */
		2BD6A58A273F4B02008DA75D /* YoutubeApp */ = {
			isa = PBXNativeTarget;
			buildConfigurationList = 2BD6A599273F4B03008DA75D /* Build configuration list for PBXNativeTarget "YoutubeApp" */;
			buildPhases = (
				2BD6A587273F4B02008DA75D /* Sources */,
				2BD6A588273F4B02008DA75D /* Frameworks */,
				2BD6A589273F4B02008DA75D /* Resources */,
			);
			buildRules = (
			);
			dependencies = (
			);
			name = YoutubeApp;
			packageProductDependencies = (
				2BD6A5A0273F547F008DA75D /* Alamofire */,
				2B22C1B427487989002674B5 /* GoogleSignIn */,
				2B76D74F274DCD6D00B44A21 /* FirebaseAuth */,
				2B76D751274DCD6D00B44A21 /* FirebaseFirestore */,
			);
			productName = YoutubeApp;
			productReference = 2BD6A58B273F4B02008DA75D /* YoutubeApp.app */;
			productType = "com.apple.product-type.application";
		};
/* End PBXNativeTarget section */

/* Begin PBXProject section */
		2BD6A583273F4B02008DA75D /* Project object */ = {
			isa = PBXProject;
			attributes = {
				BuildIndependentTargetsInParallel = 1;
				LastSwiftUpdateCheck = 1310;
				LastUpgradeCheck = 1310;
				TargetAttributes = {
					2BD6A58A273F4B02008DA75D = {
						CreatedOnToolsVersion = 13.1;
					};
				};
			};
			buildConfigurationList = 2BD6A586273F4B02008DA75D /* Build configuration list for PBXProject "YoutubeApp" */;
			compatibilityVersion = "Xcode 13.0";
			developmentRegion = en;
			hasScannedForEncodings = 0;
			knownRegions = (
				en,
				Base,
			);
			mainGroup = 2BD6A582273F4B02008DA75D;
			packageReferences = (
				2BD6A59F273F547F008DA75D /* XCRemoteSwiftPackageReference "Alamofire" */,
				2B22C1B327487989002674B5 /* XCRemoteSwiftPackageReference "GoogleSignIn-iOS" */,
				2B76D74E274DCD6D00B44A21 /* XCRemoteSwiftPackageReference "firebase-ios-sdk" */,
			);
			productRefGroup = 2BD6A58C273F4B02008DA75D /* Products */;
			projectDirPath = "";
			projectRoot = "";
			targets = (
				2BD6A58A273F4B02008DA75D /* YoutubeApp */,
			);
		};
/* End PBXProject section */

/* Begin PBXResourcesBuildPhase section */
		2BD6A589273F4B02008DA75D /* Resources */ = {
			isa = PBXResourcesBuildPhase;
			buildActionMask = 2147483647;
			files = (
				2BD6A596273F4B03008DA75D /* Preview Assets.xcassets in Resources */,
				2BD6A593273F4B03008DA75D /* Assets.xcassets in Resources */,
				2B76D75A274DD3ED00B44A21 /* GoogleService-Info.plist in Resources */,
			);
			runOnlyForDeploymentPostprocessing = 0;
		};
/* End PBXResourcesBuildPhase section */

/* Begin PBXSourcesBuildPhase section */
		2BD6A587273F4B02008DA75D /* Sources */ = {
			isa = PBXSourcesBuildPhase;
			buildActionMask = 2147483647;
			files = (
				2BD6A5A62740A635008DA75D /* Response.swift in Sources */,
				2BD6A5AA2741B03A008DA75D /* VideoModel.swift in Sources */,
				2B76D758274DD30600B44A21 /* LogInOutManager.swift in Sources */,
				2BD6A58F273F4B02008DA75D /* YoutubeAppApp.swift in Sources */,
				2BAD13052747511600DDC66E /* VideoRow.swift in Sources */,
				2B76D754274DD1F100B44A21 /* Launch.swift in Sources */,
				2BD6A5AE2741BA2E008DA75D /* CacheManager.swift in Sources */,
				2B1F6120274763180038F18A /* Home2.swift in Sources */,
				2BC18F7727449BEF00CBB527 /* YoutubeVideoPlayer.swift in Sources */,
				2BAD130327474FB200DDC66E /* VideoDetail.swift in Sources */,
				2BD6A5A4273F5601008DA75D /* Constants.swift in Sources */,
				2BD6A5AC2741B822008DA75D /* VideoPreview.swift in Sources */,
				2BAD13072747544B00DDC66E /* Home.swift in Sources */,
				2BD6A5A82740A665008DA75D /* Video.swift in Sources */,
			);
			runOnlyForDeploymentPostprocessing = 0;
		};
/* End PBXSourcesBuildPhase section */

/* Begin XCBuildConfiguration section */
		2BD6A597273F4B03008DA75D /* Debug */ = {
			isa = XCBuildConfiguration;
			buildSettings = {
				ALWAYS_SEARCH_USER_PATHS = NO;
				CLANG_ANALYZER_NONNULL = YES;
				CLANG_ANALYZER_NUMBER_OBJECT_CONVERSION = YES_AGGRESSIVE;
				CLANG_CXX_LANGUAGE_STANDARD = "gnu++17";
				CLANG_CXX_LIBRARY = "libc++";
				CLANG_ENABLE_MODULES = YES;
				CLANG_ENABLE_OBJC_ARC = YES;
				CLANG_ENABLE_OBJC_WEAK = YES;
				CLANG_WARN_BLOCK_CAPTURE_AUTORELEASING = YES;
				CLANG_WARN_BOOL_CONVERSION = YES;
				CLANG_WARN_COMMA = YES;
				CLANG_WARN_CONSTANT_CONVERSION = YES;
				CLANG_WARN_DEPRECATED_OBJC_IMPLEMENTATIONS = YES;
				CLANG_WARN_DIRECT_OBJC_ISA_USAGE = YES_ERROR;
				CLANG_WARN_DOCUMENTATION_COMMENTS = YES;
				CLANG_WARN_EMPTY_BODY = YES;
				CLANG_WARN_ENUM_CONVERSION = YES;
				CLANG_WARN_INFINITE_RECURSION = YES;
				CLANG_WARN_INT_CONVERSION = YES;
				CLANG_WARN_NON_LITERAL_NULL_CONVERSION = YES;
				CLANG_WARN_OBJC_IMPLICIT_RETAIN_SELF = YES;
				CLANG_WARN_OBJC_LITERAL_CONVERSION = YES;
				CLANG_WARN_OBJC_ROOT_CLASS = YES_ERROR;
				CLANG_WARN_QUOTED_INCLUDE_IN_FRAMEWORK_HEADER = YES;
				CLANG_WARN_RANGE_LOOP_ANALYSIS = YES;
				CLANG_WARN_STRICT_PROTOTYPES = YES;
				CLANG_WARN_SUSPICIOUS_MOVE = YES;
				CLANG_WARN_UNGUARDED_AVAILABILITY = YES_AGGRESSIVE;
				CLANG_WARN_UNREACHABLE_CODE = YES;
				CLANG_WARN__DUPLICATE_METHOD_MATCH = YES;
				COPY_PHASE_STRIP = NO;
				DEBUG_INFORMATION_FORMAT = dwarf;
				ENABLE_STRICT_OBJC_MSGSEND = YES;
				ENABLE_TESTABILITY = YES;
				GCC_C_LANGUAGE_STANDARD = gnu11;
				GCC_DYNAMIC_NO_PIC = NO;
				GCC_NO_COMMON_BLOCKS = YES;
				GCC_OPTIMIZATION_LEVEL = 0;
				GCC_PREPROCESSOR_DEFINITIONS = (
					"DEBUG=1",
					"$(inherited)",
				);
				GCC_WARN_64_TO_32_BIT_CONVERSION = YES;
				GCC_WARN_ABOUT_RETURN_TYPE = YES_ERROR;
				GCC_WARN_UNDECLARED_SELECTOR = YES;
				GCC_WARN_UNINITIALIZED_AUTOS = YES_AGGRESSIVE;
				GCC_WARN_UNUSED_FUNCTION = YES;
				GCC_WARN_UNUSED_VARIABLE = YES;
				IPHONEOS_DEPLOYMENT_TARGET = 15.0;
				MTL_ENABLE_DEBUG_INFO = INCLUDE_SOURCE;
				MTL_FAST_MATH = YES;
				ONLY_ACTIVE_ARCH = YES;
				SDKROOT = iphoneos;
				SWIFT_ACTIVE_COMPILATION_CONDITIONS = DEBUG;
				SWIFT_OPTIMIZATION_LEVEL = "-Onone";
			};
			name = Debug;
		};
		2BD6A598273F4B03008DA75D /* Release */ = {
			isa = XCBuildConfiguration;
			buildSettings = {
				ALWAYS_SEARCH_USER_PATHS = NO;
				CLANG_ANALYZER_NONNULL = YES;
				CLANG_ANALYZER_NUMBER_OBJECT_CONVERSION = YES_AGGRESSIVE;
				CLANG_CXX_LANGUAGE_STANDARD = "gnu++17";
				CLANG_CXX_LIBRARY = "libc++";
				CLANG_ENABLE_MODULES = YES;
				CLANG_ENABLE_OBJC_ARC = YES;
				CLANG_ENABLE_OBJC_WEAK = YES;
				CLANG_WARN_BLOCK_CAPTURE_AUTORELEASING = YES;
				CLANG_WARN_BOOL_CONVERSION = YES;
				CLANG_WARN_COMMA = YES;
				CLANG_WARN_CONSTANT_CONVERSION = YES;
				CLANG_WARN_DEPRECATED_OBJC_IMPLEMENTATIONS = YES;
				CLANG_WARN_DIRECT_OBJC_ISA_USAGE = YES_ERROR;
				CLANG_WARN_DOCUMENTATION_COMMENTS = YES;
				CLANG_WARN_EMPTY_BODY = YES;
				CLANG_WARN_ENUM_CONVERSION = YES;
				CLANG_WARN_INFINITE_RECURSION = YES;
				CLANG_WARN_INT_CONVERSION = YES;
				CLANG_WARN_NON_LITERAL_NULL_CONVERSION = YES;
				CLANG_WARN_OBJC_IMPLICIT_RETAIN_SELF = YES;
				CLANG_WARN_OBJC_LITERAL_CONVERSION = YES;
				CLANG_WARN_OBJC_ROOT_CLASS = YES_ERROR;
				CLANG_WARN_QUOTED_INCLUDE_IN_FRAMEWORK_HEADER = YES;
				CLANG_WARN_RANGE_LOOP_ANALYSIS = YES;
				CLANG_WARN_STRICT_PROTOTYPES = YES;
				CLANG_WARN_SUSPICIOUS_MOVE = YES;
				CLANG_WARN_UNGUARDED_AVAILABILITY = YES_AGGRESSIVE;
				CLANG_WARN_UNREACHABLE_CODE = YES;
				CLANG_WARN__DUPLICATE_METHOD_MATCH = YES;
				COPY_PHASE_STRIP = NO;
				DEBUG_INFORMATION_FORMAT = "dwarf-with-dsym";
				ENABLE_NS_ASSERTIONS = NO;
				ENABLE_STRICT_OBJC_MSGSEND = YES;
				GCC_C_LANGUAGE_STANDARD = gnu11;
				GCC_NO_COMMON_BLOCKS = YES;
				GCC_WARN_64_TO_32_BIT_CONVERSION = YES;
				GCC_WARN_ABOUT_RETURN_TYPE = YES_ERROR;
				GCC_WARN_UNDECLARED_SELECTOR = YES;
				GCC_WARN_UNINITIALIZED_AUTOS = YES_AGGRESSIVE;
				GCC_WARN_UNUSED_FUNCTION = YES;
				GCC_WARN_UNUSED_VARIABLE = YES;
				IPHONEOS_DEPLOYMENT_TARGET = 15.0;
				MTL_ENABLE_DEBUG_INFO = NO;
				MTL_FAST_MATH = YES;
				SDKROOT = iphoneos;
				SWIFT_COMPILATION_MODE = wholemodule;
				SWIFT_OPTIMIZATION_LEVEL = "-O";
				VALIDATE_PRODUCT = YES;
			};
			name = Release;
		};
		2BD6A59A273F4B03008DA75D /* Debug */ = {
			isa = XCBuildConfiguration;
			buildSettings = {
				ASSETCATALOG_COMPILER_APPICON_NAME = AppIcon;
				ASSETCATALOG_COMPILER_GLOBAL_ACCENT_COLOR_NAME = AccentColor;
				CODE_SIGN_STYLE = Automatic;
				CURRENT_PROJECT_VERSION = 1;
				DEVELOPMENT_ASSET_PATHS = "\"YoutubeApp/Preview Content\"";
				DEVELOPMENT_TEAM = HQ26AHGMA4;
				ENABLE_PREVIEWS = YES;
				GENERATE_INFOPLIST_FILE = YES;
				INFOPLIST_FILE = YoutubeApp/Info.plist;
				INFOPLIST_KEY_UIApplicationSceneManifest_Generation = YES;
				INFOPLIST_KEY_UIApplicationSupportsIndirectInputEvents = YES;
				INFOPLIST_KEY_UILaunchScreen_Generation = YES;
				INFOPLIST_KEY_UISupportedInterfaceOrientations_iPad = "UIInterfaceOrientationPortrait UIInterfaceOrientationPortraitUpsideDown UIInterfaceOrientationLandscapeLeft UIInterfaceOrientationLandscapeRight";
				INFOPLIST_KEY_UISupportedInterfaceOrientations_iPhone = "UIInterfaceOrientationPortrait UIInterfaceOrientationLandscapeLeft UIInterfaceOrientationLandscapeRight";
				LD_RUNPATH_SEARCH_PATHS = (
					"$(inherited)",
					"@executable_path/Frameworks",
				);
				MARKETING_VERSION = 1.0;
				PRODUCT_BUNDLE_IDENTIFIER = com.ed.YoutubeApp;
				PRODUCT_NAME = "$(TARGET_NAME)";
				SWIFT_EMIT_LOC_STRINGS = YES;
				SWIFT_VERSION = 5.0;
				TARGETED_DEVICE_FAMILY = "1,2";
			};
			name = Debug;
		};
		2BD6A59B273F4B03008DA75D /* Release */ = {
			isa = XCBuildConfiguration;
			buildSettings = {
				ASSETCATALOG_COMPILER_APPICON_NAME = AppIcon;
				ASSETCATALOG_COMPILER_GLOBAL_ACCENT_COLOR_NAME = AccentColor;
				CODE_SIGN_STYLE = Automatic;
				CURRENT_PROJECT_VERSION = 1;
				DEVELOPMENT_ASSET_PATHS = "\"YoutubeApp/Preview Content\"";
				DEVELOPMENT_TEAM = HQ26AHGMA4;
				ENABLE_PREVIEWS = YES;
				GENERATE_INFOPLIST_FILE = YES;
				INFOPLIST_FILE = YoutubeApp/Info.plist;
				INFOPLIST_KEY_UIApplicationSceneManifest_Generation = YES;
				INFOPLIST_KEY_UIApplicationSupportsIndirectInputEvents = YES;
				INFOPLIST_KEY_UILaunchScreen_Generation = YES;
				INFOPLIST_KEY_UISupportedInterfaceOrientations_iPad = "UIInterfaceOrientationPortrait UIInterfaceOrientationPortraitUpsideDown UIInterfaceOrientationLandscapeLeft UIInterfaceOrientationLandscapeRight";
				INFOPLIST_KEY_UISupportedInterfaceOrientations_iPhone = "UIInterfaceOrientationPortrait UIInterfaceOrientationLandscapeLeft UIInterfaceOrientationLandscapeRight";
				LD_RUNPATH_SEARCH_PATHS = (
					"$(inherited)",
					"@executable_path/Frameworks",
				);
				MARKETING_VERSION = 1.0;
				PRODUCT_BUNDLE_IDENTIFIER = com.ed.YoutubeApp;
				PRODUCT_NAME = "$(TARGET_NAME)";
				SWIFT_EMIT_LOC_STRINGS = YES;
				SWIFT_VERSION = 5.0;
				TARGETED_DEVICE_FAMILY = "1,2";
			};
			name = Release;
		};
/* End XCBuildConfiguration section */

/* Begin XCConfigurationList section */
		2BD6A586273F4B02008DA75D /* Build configuration list for PBXProject "YoutubeApp" */ = {
			isa = XCConfigurationList;
			buildConfigurations = (
				2BD6A597273F4B03008DA75D /* Debug */,
				2BD6A598273F4B03008DA75D /* Release */,
			);
			defaultConfigurationIsVisible = 0;
			defaultConfigurationName = Release;
		};
		2BD6A599273F4B03008DA75D /* Build configuration list for PBXNativeTarget "YoutubeApp" */ = {
			isa = XCConfigurationList;
			buildConfigurations = (
				2BD6A59A273F4B03008DA75D /* Debug */,
				2BD6A59B273F4B03008DA75D /* Release */,
			);
			defaultConfigurationIsVisible = 0;
			defaultConfigurationName = Release;
		};
/* End XCConfigurationList section */

/* Begin XCRemoteSwiftPackageReference section */
		2B22C1B327487989002674B5 /* XCRemoteSwiftPackageReference "GoogleSignIn-iOS" */ = {
			isa = XCRemoteSwiftPackageReference;
			repositoryURL = "https://github.com/google/GoogleSignIn-iOS";
			requirement = {
				kind = upToNextMinorVersion;
				minimumVersion = 6.0.2;
			};
		};
		2B76D74E274DCD6D00B44A21 /* XCRemoteSwiftPackageReference "firebase-ios-sdk" */ = {
			isa = XCRemoteSwiftPackageReference;
			repositoryURL = "https://github.com/firebase/firebase-ios-sdk.git";
			requirement = {
				kind = upToNextMinorVersion;
				minimumVersion = 8.9.1;
			};
		};
		2BD6A59F273F547F008DA75D /* XCRemoteSwiftPackageReference "Alamofire" */ = {
			isa = XCRemoteSwiftPackageReference;
			repositoryURL = "https://github.com/Alamofire/Alamofire.git";
			requirement = {
				kind = upToNextMinorVersion;
				minimumVersion = 5.4.0;
			};
		};
/* End XCRemoteSwiftPackageReference section */

/* Begin XCSwiftPackageProductDependency section */
		2B22C1B427487989002674B5 /* GoogleSignIn */ = {
			isa = XCSwiftPackageProductDependency;
			package = 2B22C1B327487989002674B5 /* XCRemoteSwiftPackageReference "GoogleSignIn-iOS" */;
			productName = GoogleSignIn;
		};
		2B76D74F274DCD6D00B44A21 /* FirebaseAuth */ = {
			isa = XCSwiftPackageProductDependency;
			package = 2B76D74E274DCD6D00B44A21 /* XCRemoteSwiftPackageReference "firebase-ios-sdk" */;
			productName = FirebaseAuth;
		};
		2B76D751274DCD6D00B44A21 /* FirebaseFirestore */ = {
			isa = XCSwiftPackageProductDependency;
			package = 2B76D74E274DCD6D00B44A21 /* XCRemoteSwiftPackageReference "firebase-ios-sdk" */;
			productName = FirebaseFirestore;
		};
		2BD6A5A0273F547F008DA75D /* Alamofire */ = {
			isa = XCSwiftPackageProductDependency;
			package = 2BD6A59F273F547F008DA75D /* XCRemoteSwiftPackageReference "Alamofire" */;
			productName = Alamofire;
		};
/* End XCSwiftPackageProductDependency section */
	};
	rootObject = 2BD6A583273F4B02008DA75D /* Project object */;
}
